# This file is autogenerated, do not edit; changes may be undone by the next 'dep ensure'.


[[projects]]
  name = "github.com/boltdb/bolt"
  packages = ["."]
  revision = "2f1ce7a837dcb8da3ec595b1dac9d0632f0f99e8"
  version = "v1.3.1"

[[projects]]
  branch = "master"
  name = "github.com/btcsuite/btcd"
  packages = ["btcec","btcjson","chaincfg","chaincfg/chainhash","wire"]
  revision = "47885ab8702485be6b6f87a03d4f3be0bc5c982c"

[[projects]]
  branch = "master"
  name = "github.com/btcsuite/btclog"
  packages = ["."]
  revision = "84c8d2346e9fc8c7b947e243b9c24e6df9fd206a"

[[projects]]
  branch = "master"
  name = "github.com/btcsuite/btcrpcclient"
  packages = ["."]
  revision = "0d9ec835baeb9a8ce7fbe3eb7d7783284a089ced"

[[projects]]
  branch = "master"
  name = "github.com/btcsuite/btcutil"
  packages = [".","base58"]
  revision = "5ffa719c3882fd2ec1e8b9f4978066701c31a343"

[[projects]]
  branch = "master"
  name = "github.com/btcsuite/go-socks"
  packages = ["socks"]
  revision = "4720035b7bfd2a9bb130b1c184f8bbe41b6f0d0f"

[[projects]]
  branch = "master"
  name = "github.com/btcsuite/websocket"
  packages = ["."]
  revision = "31079b6807923eb23992c421b114992b95131b55"

[[projects]]
  name = "github.com/davecgh/go-spew"
  packages = ["spew"]
  revision = "346938d642f2ec3594ed81d874461961cd0faa76"
  version = "v1.1.0"

[[projects]]
  name = "github.com/fortytw2/leaktest"
  packages = ["."]
  revision = "7dad53304f9614c1c365755c1176a8e876fee3e8"
  version = "v1.1.0"

[[projects]]
  name = "github.com/google/gops"
  packages = ["agent","internal","signal"]
  revision = "fa6968806ca68b7db113256f300d82b5206a2c3c"
  version = "v0.3.1"

[[projects]]
  name = "github.com/op/go-logging"
  packages = ["."]
  revision = "b2cb9fa56473e98db8caba80237377e83fe44db5"
  version = "v1"

[[projects]]
  name = "github.com/pmezard/go-difflib"
  packages = ["difflib"]
  revision = "792786c7400a136282c1664665ae0a8db921c6c2"
  version = "v1.0.0"

[[projects]]
  name = "github.com/skycoin/skycoin"
  packages = ["src/cipher","src/cipher/base58","src/cipher/chacha20","src/cipher/ripemd160","src/cipher/secp256k1-go","src/cipher/secp256k1-go/secp256k1-go2","src/util/logging"]
  revision = "dd924e1f2de8fab945e05b3245dbeabf267f2910"
  version = "v0.19.0"

[[projects]]
  name = "github.com/stretchr/testify"
  packages = ["assert","require"]
  revision = "69483b4bd14f5845b5a1e55bca19e954e827f1d0"
  version = "v1.1.4"

[[projects]]
  branch = "master"
  name = "golang.org/x/crypto"
  packages = ["ripemd160"]
  revision = "2faea1465de239e4babd8f5905cc25b781712442"

[[projects]]
  branch = "master"
  name = "golang.org/x/sys"
  packages = ["unix"]
  revision = "35ef4487ce0a1ea5d4b616ffe71e34febe723695"

[solve-meta]
  analyzer-name = "dep"
  analyzer-version = 1
  inputs-digest = "1595cc86c8cd5994a772ed316fdb1ab153ffab36c888e1e97e6de40d575dd422"
  solver-name = "gps-cdcl"
  solver-version = 1
